
Microsoft Visual Studio Solution File, Format Version 12.00
# Visual Studio 2013
VisualStudioVersion = 12.0.31101.0
MinimumVisualStudioVersion = 10.0.40219.1
Project("{FAE04EC0-301F-11D3-BF4B-00C04F79EFBC}") = "Geocoding.Core", "Geocoding.Core\Geocoding.Core.csproj", "{37AB5705-BB8B-4FF2-B169-EC53A2D90952}"
EndProject
Project("{FAE04EC0-301F-11D3-BF4B-00C04F79EFBC}") = "Geocoding.Core.Testing", "Geocoding.Core.Testing\Geocoding.Core.Testing.csproj", "{E0FB519A-7480-418B-9570-C3C33E47D30E}"
EndProject
Project("{FAE04EC0-301F-11D3-BF4B-00C04F79EFBC}") = "Geocoding.ConsoleApp", "Geocoding.ConsoleApp\Geocoding.ConsoleApp.csproj", "{D83226BB-AAE1-4701-9A99-4D3B8E75F28D}"
EndProject
Project("{FAE04EC0-301F-11D3-BF4B-00C04F79EFBC}") = "Geocoding.IO", "Geocoding.IO\Geocoding.IO.csproj", "{8F0F9B64-2C24-4629-8727-5B604D7EE28C}"
EndProject
Project("{FAE04EC0-301F-11D3-BF4B-00C04F79EFBC}") = "Geocoding.IO.Testing", "Geocoding.IO.Testing\Geocoding.IO.Testing.csproj", "{CC5A08A7-6684-47CD-8823-98D74B247A10}"
EndProject
Project("{FAE04EC0-301F-11D3-BF4B-00C04F79EFBC}") = "Geocoding.Contracts", "Geocoding.Contracts\Geocoding.Contracts.csproj", "{FD18715F-4C4D-4EF4-92A4-4C09FCC4454E}"
EndProject
Global
	GlobalSection(SolutionConfigurationPlatforms) = preSolution
		Debug|Any CPU = Debug|Any CPU
		Release|Any CPU = Release|Any CPU
	EndGlobalSection
	GlobalSection(ProjectConfigurationPlatforms) = postSolution
		{37AB5705-BB8B-4FF2-B169-EC53A2D90952}.Debug|Any CPU.ActiveCfg = Debug|Any CPU
		{37AB5705-BB8B-4FF2-B169-EC53A2D90952}.Debug|Any CPU.Build.0 = Debug|Any CPU
		{37AB5705-BB8B-4FF2-B169-EC53A2D90952}.Release|Any CPU.ActiveCfg = Release|Any CPU
		{37AB5705-BB8B-4FF2-B169-EC53A2D90952}.Release|Any CPU.Build.0 = Release|Any CPU
		{E0FB519A-7480-418B-9570-C3C33E47D30E}.Debug|Any CPU.ActiveCfg = Debug|Any CPU
		{E0FB519A-7480-418B-9570-C3C33E47D30E}.Debug|Any CPU.Build.0 = Debug|Any CPU
		{E0FB519A-7480-418B-9570-C3C33E47D30E}.Release|Any CPU.ActiveCfg = Release|Any CPU
		{E0FB519A-7480-418B-9570-C3C33E47D30E}.Release|Any CPU.Build.0 = Release|Any CPU
		{D83226BB-AAE1-4701-9A99-4D3B8E75F28D}.Debug|Any CPU.ActiveCfg = Debug|Any CPU
		{D83226BB-AAE1-4701-9A99-4D3B8E75F28D}.Debug|Any CPU.Build.0 = Debug|Any CPU
		{D83226BB-AAE1-4701-9A99-4D3B8E75F28D}.Release|Any CPU.ActiveCfg = Release|Any CPU
		{D83226BB-AAE1-4701-9A99-4D3B8E75F28D}.Release|Any CPU.Build.0 = Release|Any CPU
		{8F0F9B64-2C24-4629-8727-5B604D7EE28C}.Debug|Any CPU.ActiveCfg = Debug|Any CPU
		{8F0F9B64-2C24-4629-8727-5B604D7EE28C}.Debug|Any CPU.Build.0 = Debug|Any CPU
		{8F0F9B64-2C24-4629-8727-5B604D7EE28C}.Release|Any CPU.ActiveCfg = Release|Any CPU
		{8F0F9B64-2C24-4629-8727-5B604D7EE28C}.Release|Any CPU.Build.0 = Release|Any CPU
		{CC5A08A7-6684-47CD-8823-98D74B247A10}.Debug|Any CPU.ActiveCfg = Debug|Any CPU
		{CC5A08A7-6684-47CD-8823-98D74B247A10}.Debug|Any CPU.Build.0 = Debug|Any CPU
		{CC5A08A7-6684-47CD-8823-98D74B247A10}.Release|Any CPU.ActiveCfg = Release|Any CPU
		{CC5A08A7-6684-47CD-8823-98D74B247A10}.Release|Any CPU.Build.0 = Release|Any CPU
		{FD18715F-4C4D-4EF4-92A4-4C09FCC4454E}.Debug|Any CPU.ActiveCfg = Debug|Any CPU
		{FD18715F-4C4D-4EF4-92A4-4C09FCC4454E}.Debug|Any CPU.Build.0 = Debug|Any CPU
		{FD18715F-4C4D-4EF4-92A4-4C09FCC4454E}.Release|Any CPU.ActiveCfg = Release|Any CPU
		{FD18715F-4C4D-4EF4-92A4-4C09FCC4454E}.Release|Any CPU.Build.0 = Release|Any CPU
	EndGlobalSection
	GlobalSection(SolutionProperties) = preSolution
		HideSolutionNode = FALSE
	EndGlobalSection
EndGlobal
